// !$*UTF8*$!
{
	archiveVersion = 1;
	classes = {
	};
	objectVersion = 50;
	objects = {

/* Begin PBXBuildFile section */
		4956A21923E18DDA007D472E /* POI.swift in Sources */ = {isa = PBXBuildFile; fileRef = 4956A21823E18DDA007D472E /* POI.swift */; };
		4956A21B23E19549007D472E /* DAO.swift in Sources */ = {isa = PBXBuildFile; fileRef = 4956A21A23E19549007D472E /* DAO.swift */; };
		4956A21D23E19F22007D472E /* ArtWorkTableTableViewController.swift in Sources */ = {isa = PBXBuildFile; fileRef = 4956A21C23E19F22007D472E /* ArtWorkTableTableViewController.swift */; };
		4956A21F23E1B85F007D472E /* ArtWorkTableViewCell.swift in Sources */ = {isa = PBXBuildFile; fileRef = 4956A21E23E1B85F007D472E /* ArtWorkTableViewCell.swift */; };
		4956A22123E2C8AA007D472E /* DetailsViewController.swift in Sources */ = {isa = PBXBuildFile; fileRef = 4956A22023E2C8AA007D472E /* DetailsViewController.swift */; };
		4956A23023E2EDC5007D472E /* 1.jpg in Resources */ = {isa = PBXBuildFile; fileRef = 4956A22523E2EDC5007D472E /* 1.jpg */; };
		4956A23123E2EDC5007D472E /* 2.jpg in Resources */ = {isa = PBXBuildFile; fileRef = 4956A22623E2EDC5007D472E /* 2.jpg */; };
		4956A23223E2EDC5007D472E /* 3.jpg in Resources */ = {isa = PBXBuildFile; fileRef = 4956A22723E2EDC5007D472E /* 3.jpg */; };
		4956A23323E2EDC5007D472E /* 4.jpg in Resources */ = {isa = PBXBuildFile; fileRef = 4956A22823E2EDC5007D472E /* 4.jpg */; };
		4956A23423E2EDC5007D472E /* 5.jpg in Resources */ = {isa = PBXBuildFile; fileRef = 4956A22923E2EDC5007D472E /* 5.jpg */; };
		4956A23523E2EDC5007D472E /* 6.jpg in Resources */ = {isa = PBXBuildFile; fileRef = 4956A22A23E2EDC5007D472E /* 6.jpg */; };
		4956A23623E2EDC5007D472E /* 7.jpg in Resources */ = {isa = PBXBuildFile; fileRef = 4956A22B23E2EDC5007D472E /* 7.jpg */; };
		4956A23723E2EDC5007D472E /* 8.jpg in Resources */ = {isa = PBXBuildFile; fileRef = 4956A22C23E2EDC5007D472E /* 8.jpg */; };
		4956A23823E2EDC5007D472E /* 9.jpg in Resources */ = {isa = PBXBuildFile; fileRef = 4956A22D23E2EDC5007D472E /* 9.jpg */; };
		4956A23923E2EDC5007D472E /* 9.png in Resources */ = {isa = PBXBuildFile; fileRef = 4956A22E23E2EDC5007D472E /* 9.png */; };
		4956A23A23E2EDC5007D472E /* 11.jpg in Resources */ = {isa = PBXBuildFile; fileRef = 4956A22F23E2EDC5007D472E /* 11.jpg */; };
		4956A24123E32FE6007D472E /* AboutViewController.swift in Sources */ = {isa = PBXBuildFile; fileRef = 4956A24023E32FE6007D472E /* AboutViewController.swift */; };
		49E01F1923E179FC0089E62D /* AppDelegate.swift in Sources */ = {isa = PBXBuildFile; fileRef = 49E01F1823E179FC0089E62D /* AppDelegate.swift */; };
		49E01F1B23E179FC0089E62D /* SceneDelegate.swift in Sources */ = {isa = PBXBuildFile; fileRef = 49E01F1A23E179FC0089E62D /* SceneDelegate.swift */; };
		49E01F1D23E179FC0089E62D /* ViewController.swift in Sources */ = {isa = PBXBuildFile; fileRef = 49E01F1C23E179FC0089E62D /* ViewController.swift */; };
		49E01F2023E179FC0089E62D /* Main.storyboard in Resources */ = {isa = PBXBuildFile; fileRef = 49E01F1E23E179FC0089E62D /* Main.storyboard */; };
		49E01F2323E179FC0089E62D /* Honolulu_City.xcdatamodeld in Sources */ = {isa = PBXBuildFile; fileRef = 49E01F2123E179FC0089E62D /* Honolulu_City.xcdatamodeld */; };
		49E01F2523E17A050089E62D /* Assets.xcassets in Resources */ = {isa = PBXBuildFile; fileRef = 49E01F2423E17A050089E62D /* Assets.xcassets */; };
		49E01F2823E17A050089E62D /* LaunchScreen.storyboard in Resources */ = {isa = PBXBuildFile; fileRef = 49E01F2623E17A050089E62D /* LaunchScreen.storyboard */; };
		49E01F3123E17E060089E62D /* MapKit.framework in Frameworks */ = {isa = PBXBuildFile; fileRef = 49E01F3023E17E060089E62D /* MapKit.framework */; };
/* End PBXBuildFile section */

/* Begin PBXFileReference section */
		4956A21823E18DDA007D472E /* POI.swift */ = {isa = PBXFileReference; lastKnownFileType = sourcecode.swift; path = POI.swift; sourceTree = "<group>"; };
		4956A21A23E19549007D472E /* DAO.swift */ = {isa = PBXFileReference; lastKnownFileType = sourcecode.swift; path = DAO.swift; sourceTree = "<group>"; };
		4956A21C23E19F22007D472E /* ArtWorkTableTableViewController.swift */ = {isa = PBXFileReference; lastKnownFileType = sourcecode.swift; path = ArtWorkTableTableViewController.swift; sourceTree = "<group>"; };
		4956A21E23E1B85F007D472E /* ArtWorkTableViewCell.swift */ = {isa = PBXFileReference; lastKnownFileType = sourcecode.swift; path = ArtWorkTableViewCell.swift; sourceTree = "<group>"; };
		4956A22023E2C8AA007D472E /* DetailsViewController.swift */ = {isa = PBXFileReference; lastKnownFileType = sourcecode.swift; path = DetailsViewController.swift; sourceTree = "<group>"; };
		4956A22523E2EDC5007D472E /* 1.jpg */ = {isa = PBXFileReference; lastKnownFileType = image.jpeg; path = 1.jpg; sourceTree = "<group>"; };
		4956A22623E2EDC5007D472E /* 2.jpg */ = {isa = PBXFileReference; lastKnownFileType = image.jpeg; path = 2.jpg; sourceTree = "<group>"; };
		4956A22723E2EDC5007D472E /* 3.jpg */ = {isa = PBXFileReference; lastKnownFileType = image.jpeg; path = 3.jpg; sourceTree = "<group>"; };
		4956A22823E2EDC5007D472E /* 4.jpg */ = {isa = PBXFileReference; lastKnownFileType = image.jpeg; path = 4.jpg; sourceTree = "<group>"; };
		4956A22923E2EDC5007D472E /* 5.jpg */ = {isa = PBXFileReference; lastKnownFileType = image.jpeg; path = 5.jpg; sourceTree = "<group>"; };
		4956A22A23E2EDC5007D472E /* 6.jpg */ = {isa = PBXFileReference; lastKnownFileType = image.jpeg; path = 6.jpg; sourceTree = "<group>"; };
		4956A22B23E2EDC5007D472E /* 7.jpg */ = {isa = PBXFileReference; lastKnownFileType = image.jpeg; path = 7.jpg; sourceTree = "<group>"; };
		4956A22C23E2EDC5007D472E /* 8.jpg */ = {isa = PBXFileReference; lastKnownFileType = image.jpeg; path = 8.jpg; sourceTree = "<group>"; };
		4956A22D23E2EDC5007D472E /* 9.jpg */ = {isa = PBXFileReference; lastKnownFileType = image.jpeg; path = 9.jpg; sourceTree = "<group>"; };
		4956A22E23E2EDC5007D472E /* 9.png */ = {isa = PBXFileReference; lastKnownFileType = image.png; path = 9.png; sourceTree = "<group>"; };
		4956A22F23E2EDC5007D472E /* 11.jpg */ = {isa = PBXFileReference; lastKnownFileType = image.jpeg; path = 11.jpg; sourceTree = "<group>"; };
		4956A23B23E2F260007D472E /* us-hi-ho.jpeg */ = {isa = PBXFileReference; explicitFileType = image.jpeg; path = "us-hi-ho.jpeg"; sourceTree = "<group>"; };
		4956A24023E32FE6007D472E /* AboutViewController.swift */ = {isa = PBXFileReference; lastKnownFileType = sourcecode.swift; path = AboutViewController.swift; sourceTree = "<group>"; };
		49E01F1523E179FC0089E62D /* Honolulu City.app */ = {isa = PBXFileReference; explicitFileType = wrapper.application; includeInIndex = 0; path = "Honolulu City.app"; sourceTree = BUILT_PRODUCTS_DIR; };
		49E01F1823E179FC0089E62D /* AppDelegate.swift */ = {isa = PBXFileReference; lastKnownFileType = sourcecode.swift; path = AppDelegate.swift; sourceTree = "<group>"; };
		49E01F1A23E179FC0089E62D /* SceneDelegate.swift */ = {isa = PBXFileReference; lastKnownFileType = sourcecode.swift; path = SceneDelegate.swift; sourceTree = "<group>"; };
		49E01F1C23E179FC0089E62D /* ViewController.swift */ = {isa = PBXFileReference; lastKnownFileType = sourcecode.swift; path = ViewController.swift; sourceTree = "<group>"; };
		49E01F1F23E179FC0089E62D /* Base */ = {isa = PBXFileReference; lastKnownFileType = file.storyboard; name = Base; path = Base.lproj/Main.storyboard; sourceTree = "<group>"; };
		49E01F2223E179FC0089E62D /* Honolulu_City.xcdatamodel */ = {isa = PBXFileReference; lastKnownFileType = wrapper.xcdatamodel; path = Honolulu_City.xcdatamodel; sourceTree = "<group>"; };
		49E01F2423E17A050089E62D /* Assets.xcassets */ = {isa = PBXFileReference; lastKnownFileType = folder.assetcatalog; path = Assets.xcassets; sourceTree = "<group>"; };
		49E01F2723E17A050089E62D /* Base */ = {isa = PBXFileReference; lastKnownFileType = file.storyboard; name = Base; path = Base.lproj/LaunchScreen.storyboard; sourceTree = "<group>"; };
		49E01F2923E17A050089E62D /* Info.plist */ = {isa = PBXFileReference; lastKnownFileType = text.plist.xml; path = Info.plist; sourceTree = "<group>"; };
		49E01F3023E17E060089E62D /* MapKit.framework */ = {isa = PBXFileReference; lastKnownFileType = wrapper.framework; name = MapKit.framework; path = System/Library/Frameworks/MapKit.framework; sourceTree = SDKROOT; };
/* End PBXFileReference section */

/* Begin PBXFrameworksBuildPhase section */
		49E01F1223E179FC0089E62D /* Frameworks */ = {
			isa = PBXFrameworksBuildPhase;
			buildActionMask = 2147483647;
			files = (
				49E01F3123E17E060089E62D /* MapKit.framework in Frameworks */,
			);
			runOnlyForDeploymentPostprocessing = 0;
		};
/* End PBXFrameworksBuildPhase section */

/* Begin PBXGroup section */
		490D27F223E45E8F00880F46 /* Controllers */ = {
			isa = PBXGroup;
			children = (
				4956A21C23E19F22007D472E /* ArtWorkTableTableViewController.swift */,
				4956A21E23E1B85F007D472E /* ArtWorkTableViewCell.swift */,
				4956A22023E2C8AA007D472E /* DetailsViewController.swift */,
				4956A24023E32FE6007D472E /* AboutViewController.swift */,
			);
			path = Controllers;
			sourceTree = "<group>";
		};
		490D27F423E45ECC00880F46 /* Model */ = {
			isa = PBXGroup;
			children = (
				4956A21823E18DDA007D472E /* POI.swift */,
				4956A21A23E19549007D472E /* DAO.swift */,
			);
			path = Model;
			sourceTree = "<group>";
		};
		490D27F523E45F0700880F46 /* Images */ = {
			isa = PBXGroup;
			children = (
				4956A23B23E2F260007D472E /* us-hi-ho.jpeg */,
				4956A22523E2EDC5007D472E /* 1.jpg */,
				4956A22623E2EDC5007D472E /* 2.jpg */,
				4956A22723E2EDC5007D472E /* 3.jpg */,
				4956A22823E2EDC5007D472E /* 4.jpg */,
				4956A22923E2EDC5007D472E /* 5.jpg */,
				4956A22A23E2EDC5007D472E /* 6.jpg */,
				4956A22B23E2EDC5007D472E /* 7.jpg */,
				4956A22C23E2EDC5007D472E /* 8.jpg */,
				4956A22D23E2EDC5007D472E /* 9.jpg */,
				4956A22E23E2EDC5007D472E /* 9.png */,
				4956A22F23E2EDC5007D472E /* 11.jpg */,
			);
			path = Images;
			sourceTree = "<group>";
		};
		49E01F0C23E179FC0089E62D = {
			isa = PBXGroup;
			children = (
				49E01F1723E179FC0089E62D /* Honolulu City */,
				49E01F1623E179FC0089E62D /* Products */,
				49E01F2F23E17E060089E62D /* Frameworks */,
			);
			sourceTree = "<group>";
		};
		49E01F1623E179FC0089E62D /* Products */ = {
			isa = PBXGroup;
			children = (
				49E01F1523E179FC0089E62D /* Honolulu City.app */,
			);
			name = Products;
			sourceTree = "<group>";
		};
		49E01F1723E179FC0089E62D /* Honolulu City */ = {
			isa = PBXGroup;
			children = (
				490D27F523E45F0700880F46 /* Images */,
				490D27F423E45ECC00880F46 /* Model */,
				490D27F223E45E8F00880F46 /* Controllers */,
				49E01F1823E179FC0089E62D /* AppDelegate.swift */,
				49E01F1A23E179FC0089E62D /* SceneDelegate.swift */,
				49E01F1C23E179FC0089E62D /* ViewController.swift */,
				49E01F1E23E179FC0089E62D /* Main.storyboard */,
				49E01F2423E17A050089E62D /* Assets.xcassets */,
				49E01F2623E17A050089E62D /* LaunchScreen.storyboard */,
				49E01F2923E17A050089E62D /* Info.plist */,
				49E01F2123E179FC0089E62D /* Honolulu_City.xcdatamodeld */,
			);
			path = "Honolulu City";
			sourceTree = "<group>";
		};
		49E01F2F23E17E060089E62D /* Frameworks */ = {
			isa = PBXGroup;
			children = (
				49E01F3023E17E060089E62D /* MapKit.framework */,
			);
			name = Frameworks;
			sourceTree = "<group>";
		};
/* End PBXGroup section */

/* Begin PBXNativeTarget section */
		49E01F1423E179FC0089E62D /* Honolulu City */ = {
			isa = PBXNativeTarget;
			buildConfigurationList = 49E01F2C23E17A050089E62D /* Build configuration list for PBXNativeTarget "Honolulu City" */;
			buildPhases = (
				49E01F1123E179FC0089E62D /* Sources */,
				49E01F1223E179FC0089E62D /* Frameworks */,
				49E01F1323E179FC0089E62D /* Resources */,
			);
			buildRules = (
			);
			dependencies = (
			);
			name = "Honolulu City";
			productName = "Honolulu City";
			productReference = 49E01F1523E179FC0089E62D /* Honolulu City.app */;
			productType = "com.apple.product-type.application";
		};
/* End PBXNativeTarget section */

/* Begin PBXProject section */
		49E01F0D23E179FC0089E62D /* Project object */ = {
			isa = PBXProject;
			attributes = {
				LastSwiftUpdateCheck = 1130;
				LastUpgradeCheck = 1130;
				ORGANIZATIONNAME = mobapp08;
				TargetAttributes = {
					49E01F1423E179FC0089E62D = {
						CreatedOnToolsVersion = 11.3;
					};
				};
			};
			buildConfigurationList = 49E01F1023E179FC0089E62D /* Build configuration list for PBXProject "Honolulu City" */;
			compatibilityVersion = "Xcode 9.3";
			developmentRegion = en;
			hasScannedForEncodings = 0;
			knownRegions = (
				en,
				Base,
			);
			mainGroup = 49E01F0C23E179FC0089E62D;
			productRefGroup = 49E01F1623E179FC0089E62D /* Products */;
			projectDirPath = "";
			projectRoot = "";
			targets = (
				49E01F1423E179FC0089E62D /* Honolulu City */,
			);
		};
/* End PBXProject section */

/* Begin PBXResourcesBuildPhase section */
		49E01F1323E179FC0089E62D /* Resources */ = {
			isa = PBXResourcesBuildPhase;
			buildActionMask = 2147483647;
			files = (
				4956A23923E2EDC5007D472E /* 9.png in Resources */,
				49E01F2823E17A050089E62D /* LaunchScreen.storyboard in Resources */,
				4956A23023E2EDC5007D472E /* 1.jpg in Resources */,
				4956A23823E2EDC5007D472E /* 9.jpg in Resources */,
				4956A23523E2EDC5007D472E /* 6.jpg in Resources */,
				49E01F2523E17A050089E62D /* Assets.xcassets in Resources */,
				4956A23323E2EDC5007D472E /* 4.jpg in Resources */,
				4956A23123E2EDC5007D472E /* 2.jpg in Resources */,
				4956A23423E2EDC5007D472E /* 5.jpg in Resources */,
				49E01F2023E179FC0089E62D /* Main.storyboard in Resources */,
				4956A23623E2EDC5007D472E /* 7.jpg in Resources */,
				4956A23A23E2EDC5007D472E /* 11.jpg in Resources */,
				4956A23723E2EDC5007D472E /* 8.jpg in Resources */,
				4956A23223E2EDC5007D472E /* 3.jpg in Resources */,
			);
			runOnlyForDeploymentPostprocessing = 0;
		};
/* End PBXResourcesBuildPhase section */

/* Begin PBXSourcesBuildPhase section */
		49E01F1123E179FC0089E62D /* Sources */ = {
			isa = PBXSourcesBuildPhase;
			buildActionMask = 2147483647;
			files = (
				4956A21B23E19549007D472E /* DAO.swift in Sources */,
				49E01F2323E179FC0089E62D /* Honolulu_City.xcdatamodeld in Sources */,
				4956A22123E2C8AA007D472E /* DetailsViewController.swift in Sources */,
				4956A21F23E1B85F007D472E /* ArtWorkTableViewCell.swift in Sources */,
				4956A21923E18DDA007D472E /* POI.swift in Sources */,
				49E01F1D23E179FC0089E62D /* ViewController.swift in Sources */,
				49E01F1923E179FC0089E62D /* AppDelegate.swift in Sources */,
				49E01F1B23E179FC0089E62D /* SceneDelegate.swift in Sources */,
				4956A24123E32FE6007D472E /* AboutViewController.swift in Sources */,
				4956A21D23E19F22007D472E /* ArtWorkTableTableViewController.swift in Sources */,
			);
			runOnlyForDeploymentPostprocessing = 0;
		};
/* End PBXSourcesBuildPhase section */

/* Begin PBXVariantGroup section */
		49E01F1E23E179FC0089E62D /* Main.storyboard */ = {
			isa = PBXVariantGroup;
			children = (
				49E01F1F23E179FC0089E62D /* Base */,
			);
			name = Main.storyboard;
			sourceTree = "<group>";
		};
		49E01F2623E17A050089E62D /* LaunchScreen.storyboard */ = {
			isa = PBXVariantGroup;
			children = (
				49E01F2723E17A050089E62D /* Base */,
			);
			name = LaunchScreen.storyboard;
			sourceTree = "<group>";
		};
/* End PBXVariantGroup section */

/* Begin XCBuildConfiguration section */
		49E01F2A23E17A050089E62D /* Debug */ = {
			isa = XCBuildConfiguration;
			buildSettings = {
				ALWAYS_SEARCH_USER_PATHS = NO;
				CLANG_ANALYZER_NONNULL = YES;
				CLANG_ANALYZER_NUMBER_OBJECT_CONVERSION = YES_AGGRESSIVE;
				CLANG_CXX_LANGUAGE_STANDARD = "gnu++14";
				CLANG_CXX_LIBRARY = "libc++";
				CLANG_ENABLE_MODULES = YES;
				CLANG_ENABLE_OBJC_ARC = YES;
				CLANG_ENABLE_OBJC_WEAK = YES;
				CLANG_WARN_BLOCK_CAPTURE_AUTORELEASING = YES;
				CLANG_WARN_BOOL_CONVERSION = YES;
				CLANG_WARN_COMMA = YES;
				CLANG_WARN_CONSTANT_CONVERSION = YES;
				CLANG_WARN_DEPRECATED_OBJC_IMPLEMENTATIONS = YES;
				CLANG_WARN_DIRECT_OBJC_ISA_USAGE = YES_ERROR;
				CLANG_WARN_DOCUMENTATION_COMMENTS = YES;
				CLANG_WARN_EMPTY_BODY = YES;
				CLANG_WARN_ENUM_CONVERSION = YES;
				CLANG_WARN_INFINITE_RECURSION = YES;
				CLANG_WARN_INT_CONVERSION = YES;
				CLANG_WARN_NON_LITERAL_NULL_CONVERSION = YES;
				CLANG_WARN_OBJC_IMPLICIT_RETAIN_SELF = YES;
				CLANG_WARN_OBJC_LITERAL_CONVERSION = YES;
				CLANG_WARN_OBJC_ROOT_CLASS = YES_ERROR;
				CLANG_WARN_RANGE_LOOP_ANALYSIS = YES;
				CLANG_WARN_STRICT_PROTOTYPES = YES;
				CLANG_WARN_SUSPICIOUS_MOVE = YES;
				CLANG_WARN_UNGUARDED_AVAILABILITY = YES_AGGRESSIVE;
				CLANG_WARN_UNREACHABLE_CODE = YES;
				CLANG_WARN__DUPLICATE_METHOD_MATCH = YES;
				COPY_PHASE_STRIP = NO;
				DEBUG_INFORMATION_FORMAT = dwarf;
				ENABLE_STRICT_OBJC_MSGSEND = YES;
				ENABLE_TESTABILITY = YES;
				GCC_C_LANGUAGE_STANDARD = gnu11;
				GCC_DYNAMIC_NO_PIC = NO;
				GCC_NO_COMMON_BLOCKS = YES;
				GCC_OPTIMIZATION_LEVEL = 0;
				GCC_PREPROCESSOR_DEFINITIONS = (
					"DEBUG=1",
					"$(inherited)",
				);
				GCC_WARN_64_TO_32_BIT_CONVERSION = YES;
				GCC_WARN_ABOUT_RETURN_TYPE = YES_ERROR;
				GCC_WARN_UNDECLARED_SELECTOR = YES;
				GCC_WARN_UNINITIALIZED_AUTOS = YES_AGGRESSIVE;
				GCC_WARN_UNUSED_FUNCTION = YES;
				GCC_WARN_UNUSED_VARIABLE = YES;
				IPHONEOS_DEPLOYMENT_TARGET = 13.2;
				MTL_ENABLE_DEBUG_INFO = INCLUDE_SOURCE;
				MTL_FAST_MATH = YES;
				ONLY_ACTIVE_ARCH = YES;
				SDKROOT = iphoneos;
				SWIFT_ACTIVE_COMPILATION_CONDITIONS = DEBUG;
				SWIFT_OPTIMIZATION_LEVEL = "-Onone";
			};
			name = Debug;
		};
		49E01F2B23E17A050089E62D /* Release */ = {
			isa = XCBuildConfiguration;
			buildSettings = {
				ALWAYS_SEARCH_USER_PATHS = NO;
				CLANG_ANALYZER_NONNULL = YES;
				CLANG_ANALYZER_NUMBER_OBJECT_CONVERSION = YES_AGGRESSIVE;
				CLANG_CXX_LANGUAGE_STANDARD = "gnu++14";
				CLANG_CXX_LIBRARY = "libc++";
				CLANG_ENABLE_MODULES = YES;
				CLANG_ENABLE_OBJC_ARC = YES;
				CLANG_ENABLE_OBJC_WEAK = YES;
				CLANG_WARN_BLOCK_CAPTURE_AUTORELEASING = YES;
				CLANG_WARN_BOOL_CONVERSION = YES;
				CLANG_WARN_COMMA = YES;
				CLANG_WARN_CONSTANT_CONVERSION = YES;
				CLANG_WARN_DEPRECATED_OBJC_IMPLEMENTATIONS = YES;
				CLANG_WARN_DIRECT_OBJC_ISA_USAGE = YES_ERROR;
				CLANG_WARN_DOCUMENTATION_COMMENTS = YES;
				CLANG_WARN_EMPTY_BODY = YES;
				CLANG_WARN_ENUM_CONVERSION = YES;
				CLANG_WARN_INFINITE_RECURSION = YES;
				CLANG_WARN_INT_CONVERSION = YES;
				CLANG_WARN_NON_LITERAL_NULL_CONVERSION = YES;
				CLANG_WARN_OBJC_IMPLICIT_RETAIN_SELF = YES;
				CLANG_WARN_OBJC_LITERAL_CONVERSION = YES;
				CLANG_WARN_OBJC_ROOT_CLASS = YES_ERROR;
				CLANG_WARN_RANGE_LOOP_ANALYSIS = YES;
				CLANG_WARN_STRICT_PROTOTYPES = YES;
				CLANG_WARN_SUSPICIOUS_MOVE = YES;
				CLANG_WARN_UNGUARDED_AVAILABILITY = YES_AGGRESSIVE;
				CLANG_WARN_UNREACHABLE_CODE = YES;
				CLANG_WARN__DUPLICATE_METHOD_MATCH = YES;
				COPY_PHASE_STRIP = NO;
				DEBUG_INFORMATION_FORMAT = "dwarf-with-dsym";
				ENABLE_NS_ASSERTIONS = NO;
				ENABLE_STRICT_OBJC_MSGSEND = YES;
				GCC_C_LANGUAGE_STANDARD = gnu11;
				GCC_NO_COMMON_BLOCKS = YES;
				GCC_WARN_64_TO_32_BIT_CONVERSION = YES;
				GCC_WARN_ABOUT_RETURN_TYPE = YES_ERROR;
				GCC_WARN_UNDECLARED_SELECTOR = YES;
				GCC_WARN_UNINITIALIZED_AUTOS = YES_AGGRESSIVE;
				GCC_WARN_UNUSED_FUNCTION = YES;
				GCC_WARN_UNUSED_VARIABLE = YES;
				IPHONEOS_DEPLOYMENT_TARGET = 13.2;
				MTL_ENABLE_DEBUG_INFO = NO;
				MTL_FAST_MATH = YES;
				SDKROOT = iphoneos;
				SWIFT_COMPILATION_MODE = wholemodule;
				SWIFT_OPTIMIZATION_LEVEL = "-O";
				VALIDATE_PRODUCT = YES;
			};
			name = Release;
		};
		49E01F2D23E17A050089E62D /* Debug */ = {
			isa = XCBuildConfiguration;
			buildSettings = {
				ASSETCATALOG_COMPILER_APPICON_NAME = AppIcon;
				CODE_SIGN_STYLE = Automatic;
				INFOPLIST_FILE = "Honolulu City/Info.plist";
				LD_RUNPATH_SEARCH_PATHS = (
					"$(inherited)",
					"@executable_path/Frameworks",
				);
				PRODUCT_BUNDLE_IDENTIFIER = "Michael.Honolulu-City";
				PRODUCT_NAME = "$(TARGET_NAME)";
				SWIFT_VERSION = 5.0;
				TARGETED_DEVICE_FAMILY = "1,2";
			};
			name = Debug;
		};
		49E01F2E23E17A050089E62D /* Release */ = {
			isa = XCBuildConfiguration;
			buildSettings = {
				ASSETCATALOG_COMPILER_APPICON_NAME = AppIcon;
				CODE_SIGN_STYLE = Automatic;
				INFOPLIST_FILE = "Honolulu City/Info.plist";
				LD_RUNPATH_SEARCH_PATHS = (
					"$(inherited)",
					"@executable_path/Frameworks",
				);
				PRODUCT_BUNDLE_IDENTIFIER = "Michael.Honolulu-City";
				PRODUCT_NAME = "$(TARGET_NAME)";
				SWIFT_VERSION = 5.0;
				TARGETED_DEVICE_FAMILY = "1,2";
			};
			name = Release;
		};
/* End XCBuildConfiguration section */

/* Begin XCConfigurationList section */
		49E01F1023E179FC0089E62D /* Build configuration list for PBXProject "Honolulu City" */ = {
			isa = XCConfigurationList;
			buildConfigurations = (
				49E01F2A23E17A050089E62D /* Debug */,
				49E01F2B23E17A050089E62D /* Release */,
			);
			defaultConfigurationIsVisible = 0;
			defaultConfigurationName = Release;
		};
		49E01F2C23E17A050089E62D /* Build configuration list for PBXNativeTarget "Honolulu City" */ = {
			isa = XCConfigurationList;
			buildConfigurations = (
				49E01F2D23E17A050089E62D /* Debug */,
				49E01F2E23E17A050089E62D /* Release */,
			);
			defaultConfigurationIsVisible = 0;
			defaultConfigurationName = Release;
		};
/* End XCConfigurationList section */

/* Begin XCVersionGroup section */
		49E01F2123E179FC0089E62D /* Honolulu_City.xcdatamodeld */ = {
			isa = XCVersionGroup;
			children = (
				49E01F2223E179FC0089E62D /* Honolulu_City.xcdatamodel */,
			);
			currentVersion = 49E01F2223E179FC0089E62D /* Honolulu_City.xcdatamodel */;
			path = Honolulu_City.xcdatamodeld;
			sourceTree = "<group>";
			versionGroupType = wrapper.xcdatamodel;
		};
/* End XCVersionGroup section */
	};
	rootObject = 49E01F0D23E179FC0089E62D /* Project object */;
}
